// !$*UTF8*$!
{
	archiveVersion = 1;
	classes = {
	};
	objectVersion = 55;
	objects = {

/* Begin PBXBuildFile section */
		E70145842807360C006566E2 /* CellManager.swift in Sources */ = {isa = PBXBuildFile; fileRef = E70145832807360C006566E2 /* CellManager.swift */; };
		E770E78B2808652D0093E9DC /* EmojiCell.swift in Sources */ = {isa = PBXBuildFile; fileRef = E770E78A2808652D0093E9DC /* EmojiCell.swift */; };
		E784150028072DFB00678C31 /* EmojiTableViewController.swift in Sources */ = {isa = PBXBuildFile; fileRef = E78414FF28072DFB00678C31 /* EmojiTableViewController.swift */; };
		E784150228072E4700678C31 /* AddEditTableViewController.swift in Sources */ = {isa = PBXBuildFile; fileRef = E784150128072E4700678C31 /* AddEditTableViewController.swift */; };
		E7D360AC280DD34600F25B66 /* README.MD in Resources */ = {isa = PBXBuildFile; fileRef = E7D360AB280DD34600F25B66 /* README.MD */; };
		E7D360B1280DD41400F25B66 /* IMG_8238.PNG in Resources */ = {isa = PBXBuildFile; fileRef = E7D360AE280DD41400F25B66 /* IMG_8238.PNG */; };
		E7D360B2280DD41400F25B66 /* IMG_8234.PNG in Resources */ = {isa = PBXBuildFile; fileRef = E7D360AF280DD41400F25B66 /* IMG_8234.PNG */; };
		E7D360B3280DD41400F25B66 /* IMG_8237.PNG in Resources */ = {isa = PBXBuildFile; fileRef = E7D360B0280DD41400F25B66 /* IMG_8237.PNG */; };
		E7F4973F28033AE2003FECFD /* AppDelegate.swift in Sources */ = {isa = PBXBuildFile; fileRef = E7F4973E28033AE2003FECFD /* AppDelegate.swift */; };
		E7F4974128033AE2003FECFD /* SceneDelegate.swift in Sources */ = {isa = PBXBuildFile; fileRef = E7F4974028033AE2003FECFD /* SceneDelegate.swift */; };
		E7F4974628033AE2003FECFD /* Main.storyboard in Resources */ = {isa = PBXBuildFile; fileRef = E7F4974428033AE2003FECFD /* Main.storyboard */; };
		E7F4974828033AE3003FECFD /* Assets.xcassets in Resources */ = {isa = PBXBuildFile; fileRef = E7F4974728033AE3003FECFD /* Assets.xcassets */; };
		E7F4974B28033AE3003FECFD /* LaunchScreen.storyboard in Resources */ = {isa = PBXBuildFile; fileRef = E7F4974928033AE3003FECFD /* LaunchScreen.storyboard */; };
		E7F4975428033EA4003FECFD /* Emoji.swift in Sources */ = {isa = PBXBuildFile; fileRef = E7F4975328033EA4003FECFD /* Emoji.swift */; };
/* End PBXBuildFile section */

/* Begin PBXFileReference section */
		E70145832807360C006566E2 /* CellManager.swift */ = {isa = PBXFileReference; lastKnownFileType = sourcecode.swift; path = CellManager.swift; sourceTree = "<group>"; };
		E770E78A2808652D0093E9DC /* EmojiCell.swift */ = {isa = PBXFileReference; lastKnownFileType = sourcecode.swift; path = EmojiCell.swift; sourceTree = "<group>"; };
		E78414FF28072DFB00678C31 /* EmojiTableViewController.swift */ = {isa = PBXFileReference; lastKnownFileType = sourcecode.swift; path = EmojiTableViewController.swift; sourceTree = "<group>"; };
		E784150128072E4700678C31 /* AddEditTableViewController.swift */ = {isa = PBXFileReference; lastKnownFileType = sourcecode.swift; path = AddEditTableViewController.swift; sourceTree = "<group>"; };
		E7D360AB280DD34600F25B66 /* README.MD */ = {isa = PBXFileReference; lastKnownFileType = net.daringfireball.markdown; path = README.MD; sourceTree = "<group>"; };
		E7D360AE280DD41400F25B66 /* IMG_8238.PNG */ = {isa = PBXFileReference; lastKnownFileType = image.png; path = IMG_8238.PNG; sourceTree = "<group>"; };
		E7D360AF280DD41400F25B66 /* IMG_8234.PNG */ = {isa = PBXFileReference; lastKnownFileType = image.png; path = IMG_8234.PNG; sourceTree = "<group>"; };
		E7D360B0280DD41400F25B66 /* IMG_8237.PNG */ = {isa = PBXFileReference; lastKnownFileType = image.png; path = IMG_8237.PNG; sourceTree = "<group>"; };
		E7F4973B28033AE2003FECFD /* Emoji Dictionary.app */ = {isa = PBXFileReference; explicitFileType = wrapper.application; includeInIndex = 0; path = "Emoji Dictionary.app"; sourceTree = BUILT_PRODUCTS_DIR; };
		E7F4973E28033AE2003FECFD /* AppDelegate.swift */ = {isa = PBXFileReference; lastKnownFileType = sourcecode.swift; path = AppDelegate.swift; sourceTree = "<group>"; };
		E7F4974028033AE2003FECFD /* SceneDelegate.swift */ = {isa = PBXFileReference; lastKnownFileType = sourcecode.swift; path = SceneDelegate.swift; sourceTree = "<group>"; };
		E7F4974528033AE2003FECFD /* Base */ = {isa = PBXFileReference; lastKnownFileType = file.storyboard; name = Base; path = Base.lproj/Main.storyboard; sourceTree = "<group>"; };
		E7F4974728033AE3003FECFD /* Assets.xcassets */ = {isa = PBXFileReference; lastKnownFileType = folder.assetcatalog; path = Assets.xcassets; sourceTree = "<group>"; };
		E7F4974A28033AE3003FECFD /* Base */ = {isa = PBXFileReference; lastKnownFileType = file.storyboard; name = Base; path = Base.lproj/LaunchScreen.storyboard; sourceTree = "<group>"; };
		E7F4974C28033AE3003FECFD /* Info.plist */ = {isa = PBXFileReference; lastKnownFileType = text.plist.xml; path = Info.plist; sourceTree = "<group>"; };
		E7F4975328033EA4003FECFD /* Emoji.swift */ = {isa = PBXFileReference; lastKnownFileType = sourcecode.swift; path = Emoji.swift; sourceTree = "<group>"; };
/* End PBXFileReference section */

/* Begin PBXFrameworksBuildPhase section */
		E7F4973828033AE2003FECFD /* Frameworks */ = {
			isa = PBXFrameworksBuildPhase;
			buildActionMask = 2147483647;
			files = (
			);
			runOnlyForDeploymentPostprocessing = 0;
		};
/* End PBXFrameworksBuildPhase section */

/* Begin PBXGroup section */
		E770E788280863DC0093E9DC /* Storyboards */ = {
			isa = PBXGroup;
			children = (
				E7F4974428033AE2003FECFD /* Main.storyboard */,
				E7F4974928033AE3003FECFD /* LaunchScreen.storyboard */,
			);
			path = Storyboards;
			sourceTree = "<group>";
		};
		E770E789280863F30093E9DC /* Cells */ = {
			isa = PBXGroup;
			children = (
				E770E78A2808652D0093E9DC /* EmojiCell.swift */,
			);
			path = Cells;
			sourceTree = "<group>";
		};
		E78414FC28072C8A00678C31 /* View Controllers */ = {
			isa = PBXGroup;
			children = (
				E78414FF28072DFB00678C31 /* EmojiTableViewController.swift */,
				E784150128072E4700678C31 /* AddEditTableViewController.swift */,
			);
			path = "View Controllers";
			sourceTree = "<group>";
		};
		E78414FD28072CAE00678C31 /* View */ = {
			isa = PBXGroup;
			children = (
				E770E789280863F30093E9DC /* Cells */,
				E770E788280863DC0093E9DC /* Storyboards */,
			);
			path = View;
			sourceTree = "<group>";
		};
		E78414FE28072D6300678C31 /* Supporting Files */ = {
			isa = PBXGroup;
			children = (
				E7F4974028033AE2003FECFD /* SceneDelegate.swift */,
				E7F4973E28033AE2003FECFD /* AppDelegate.swift */,
				E7F4974728033AE3003FECFD /* Assets.xcassets */,
				E7F4974C28033AE3003FECFD /* Info.plist */,
			);
			path = "Supporting Files";
			sourceTree = "<group>";
		};
		E78415032807344B00678C31 /* Manager */ = {
			isa = PBXGroup;
			children = (
				E70145832807360C006566E2 /* CellManager.swift */,
			);
			path = Manager;
			sourceTree = "<group>";
		};
		E7D360AD280DD35C00F25B66 /* Screenshots */ = {
			isa = PBXGroup;
			children = (
				E7D360AF280DD41400F25B66 /* IMG_8234.PNG */,
				E7D360B0280DD41400F25B66 /* IMG_8237.PNG */,
				E7D360AE280DD41400F25B66 /* IMG_8238.PNG */,
			);
			path = Screenshots;
			sourceTree = "<group>";
		};
		E7F4973228033AE2003FECFD = {
			isa = PBXGroup;
			children = (
				E7D360AD280DD35C00F25B66 /* Screenshots */,
				E7D360AB280DD34600F25B66 /* README.MD */,
				E7F4973C28033AE2003FECFD /* Products */,
				E7F4973D28033AE2003FECFD /* Table View */,
			);
			sourceTree = "<group>";
		};
		E7F4973C28033AE2003FECFD /* Products */ = {
			isa = PBXGroup;
			children = (
				E7F4973B28033AE2003FECFD /* Emoji Dictionary.app */,
			);
			name = Products;
			sourceTree = "<group>";
		};
		E7F4973D28033AE2003FECFD /* Table View */ = {
			isa = PBXGroup;
			children = (
				E78415032807344B00678C31 /* Manager */,
				E7F4975228033BA3003FECFD /* Models */,
				E78414FE28072D6300678C31 /* Supporting Files */,
				E78414FD28072CAE00678C31 /* View */,
				E78414FC28072C8A00678C31 /* View Controllers */,
			);
			path = "Table View";
			sourceTree = "<group>";
		};
		E7F4975228033BA3003FECFD /* Models */ = {
			isa = PBXGroup;
			children = (
				E7F4975328033EA4003FECFD /* Emoji.swift */,
			);
			path = Models;
			sourceTree = "<group>";
		};
/* End PBXGroup section */

/* Begin PBXNativeTarget section */
		E7F4973A28033AE2003FECFD /* Emoji Dictionary */ = {
			isa = PBXNativeTarget;
			buildConfigurationList = E7F4974F28033AE3003FECFD /* Build configuration list for PBXNativeTarget "Emoji Dictionary" */;
			buildPhases = (
				E7F4973728033AE2003FECFD /* Sources */,
				E7F4973828033AE2003FECFD /* Frameworks */,
				E7F4973928033AE2003FECFD /* Resources */,
			);
			buildRules = (
			);
			dependencies = (
			);
			name = "Emoji Dictionary";
			productName = "Table View";
			productReference = E7F4973B28033AE2003FECFD /* Emoji Dictionary.app */;
			productType = "com.apple.product-type.application";
		};
/* End PBXNativeTarget section */

/* Begin PBXProject section */
		E7F4973328033AE2003FECFD /* Project object */ = {
			isa = PBXProject;
			attributes = {
				BuildIndependentTargetsInParallel = 1;
				LastSwiftUpdateCheck = 1330;
				LastUpgradeCheck = 1330;
				TargetAttributes = {
					E7F4973A28033AE2003FECFD = {
						CreatedOnToolsVersion = 13.3;
					};
				};
			};
			buildConfigurationList = E7F4973628033AE2003FECFD /* Build configuration list for PBXProject "Emoji Dictionary" */;
			compatibilityVersion = "Xcode 13.0";
			developmentRegion = en;
			hasScannedForEncodings = 0;
			knownRegions = (
				en,
				Base,
			);
			mainGroup = E7F4973228033AE2003FECFD;
			productRefGroup = E7F4973C28033AE2003FECFD /* Products */;
			projectDirPath = "";
			projectRoot = "";
			targets = (
				E7F4973A28033AE2003FECFD /* Emoji Dictionary */,
			);
		};
/* End PBXProject section */

/* Begin PBXResourcesBuildPhase section */
		E7F4973928033AE2003FECFD /* Resources */ = {
			isa = PBXResourcesBuildPhase;
			buildActionMask = 2147483647;
			files = (
				E7F4974B28033AE3003FECFD /* LaunchScreen.storyboard in Resources */,
				E7D360B1280DD41400F25B66 /* IMG_8238.PNG in Resources */,
				E7D360B2280DD41400F25B66 /* IMG_8234.PNG in Resources */,
				E7D360B3280DD41400F25B66 /* IMG_8237.PNG in Resources */,
				E7F4974828033AE3003FECFD /* Assets.xcassets in Resources */,
				E7D360AC280DD34600F25B66 /* README.MD in Resources */,
				E7F4974628033AE2003FECFD /* Main.storyboard in Resources */,
			);
			runOnlyForDeploymentPostprocessing = 0;
		};
/* End PBXResourcesBuildPhase section */

/* Begin PBXSourcesBuildPhase section */
		E7F4973728033AE2003FECFD /* Sources */ = {
			isa = PBXSourcesBuildPhase;
			buildActionMask = 2147483647;
			files = (
				E784150228072E4700678C31 /* AddEditTableViewController.swift in Sources */,
				E770E78B2808652D0093E9DC /* EmojiCell.swift in Sources */,
				E70145842807360C006566E2 /* CellManager.swift in Sources */,
				E7F4973F28033AE2003FECFD /* AppDelegate.swift in Sources */,
				E784150028072DFB00678C31 /* EmojiTableViewController.swift in Sources */,
				E7F4975428033EA4003FECFD /* Emoji.swift in Sources */,
				E7F4974128033AE2003FECFD /* SceneDelegate.swift in Sources */,
			);
			runOnlyForDeploymentPostprocessing = 0;
		};
/* End PBXSourcesBuildPhase section */

/* Begin PBXVariantGroup section */
		E7F4974428033AE2003FECFD /* Main.storyboard */ = {
			isa = PBXVariantGroup;
			children = (
				E7F4974528033AE2003FECFD /* Base */,
			);
			name = Main.storyboard;
			sourceTree = "<group>";
		};
		E7F4974928033AE3003FECFD /* LaunchScreen.storyboard */ = {
			isa = PBXVariantGroup;
			children = (
				E7F4974A28033AE3003FECFD /* Base */,
			);
			name = LaunchScreen.storyboard;
			sourceTree = "<group>";
		};
/* End PBXVariantGroup section */

/* Begin XCBuildConfiguration section */
		E7F4974D28033AE3003FECFD /* Debug */ = {
			isa = XCBuildConfiguration;
			buildSettings = {
				ALWAYS_SEARCH_USER_PATHS = NO;
				CLANG_ANALYZER_NONNULL = YES;
				CLANG_ANALYZER_NUMBER_OBJECT_CONVERSION = YES_AGGRESSIVE;
				CLANG_CXX_LANGUAGE_STANDARD = "gnu++17";
				CLANG_ENABLE_MODULES = YES;
				CLANG_ENABLE_OBJC_ARC = YES;
				CLANG_ENABLE_OBJC_WEAK = YES;
				CLANG_WARN_BLOCK_CAPTURE_AUTORELEASING = YES;
				CLANG_WARN_BOOL_CONVERSION = YES;
				CLANG_WARN_COMMA = YES;
				CLANG_WARN_CONSTANT_CONVERSION = YES;
				CLANG_WARN_DEPRECATED_OBJC_IMPLEMENTATIONS = YES;
				CLANG_WARN_DIRECT_OBJC_ISA_USAGE = YES_ERROR;
				CLANG_WARN_DOCUMENTATION_COMMENTS = YES;
				CLANG_WARN_EMPTY_BODY = YES;
				CLANG_WARN_ENUM_CONVERSION = YES;
				CLANG_WARN_INFINITE_RECURSION = YES;
				CLANG_WARN_INT_CONVERSION = YES;
				CLANG_WARN_NON_LITERAL_NULL_CONVERSION = YES;
				CLANG_WARN_OBJC_IMPLICIT_RETAIN_SELF = YES;
				CLANG_WARN_OBJC_LITERAL_CONVERSION = YES;
				CLANG_WARN_OBJC_ROOT_CLASS = YES_ERROR;
				CLANG_WARN_QUOTED_INCLUDE_IN_FRAMEWORK_HEADER = YES;
				CLANG_WARN_RANGE_LOOP_ANALYSIS = YES;
				CLANG_WARN_STRICT_PROTOTYPES = YES;
				CLANG_WARN_SUSPICIOUS_MOVE = YES;
				CLANG_WARN_UNGUARDED_AVAILABILITY = YES_AGGRESSIVE;
				CLANG_WARN_UNREACHABLE_CODE = YES;
				CLANG_WARN__DUPLICATE_METHOD_MATCH = YES;
				COPY_PHASE_STRIP = NO;
				DEBUG_INFORMATION_FORMAT = dwarf;
				ENABLE_STRICT_OBJC_MSGSEND = YES;
				ENABLE_TESTABILITY = YES;
				GCC_C_LANGUAGE_STANDARD = gnu11;
				GCC_DYNAMIC_NO_PIC = NO;
				GCC_NO_COMMON_BLOCKS = YES;
				GCC_OPTIMIZATION_LEVEL = 0;
				GCC_PREPROCESSOR_DEFINITIONS = (
					"DEBUG=1",
					"$(inherited)",
				);
				GCC_WARN_64_TO_32_BIT_CONVERSION = YES;
				GCC_WARN_ABOUT_RETURN_TYPE = YES_ERROR;
				GCC_WARN_UNDECLARED_SELECTOR = YES;
				GCC_WARN_UNINITIALIZED_AUTOS = YES_AGGRESSIVE;
				GCC_WARN_UNUSED_FUNCTION = YES;
				GCC_WARN_UNUSED_VARIABLE = YES;
				IPHONEOS_DEPLOYMENT_TARGET = 15.4;
				MTL_ENABLE_DEBUG_INFO = INCLUDE_SOURCE;
				MTL_FAST_MATH = YES;
				ONLY_ACTIVE_ARCH = YES;
				SDKROOT = iphoneos;
				SWIFT_ACTIVE_COMPILATION_CONDITIONS = DEBUG;
				SWIFT_OPTIMIZATION_LEVEL = "-Onone";
			};
			name = Debug;
		};
		E7F4974E28033AE3003FECFD /* Release */ = {
			isa = XCBuildConfiguration;
			buildSettings = {
				ALWAYS_SEARCH_USER_PATHS = NO;
				CLANG_ANALYZER_NONNULL = YES;
				CLANG_ANALYZER_NUMBER_OBJECT_CONVERSION = YES_AGGRESSIVE;
				CLANG_CXX_LANGUAGE_STANDARD = "gnu++17";
				CLANG_ENABLE_MODULES = YES;
				CLANG_ENABLE_OBJC_ARC = YES;
				CLANG_ENABLE_OBJC_WEAK = YES;
				CLANG_WARN_BLOCK_CAPTURE_AUTORELEASING = YES;
				CLANG_WARN_BOOL_CONVERSION = YES;
				CLANG_WARN_COMMA = YES;
				CLANG_WARN_CONSTANT_CONVERSION = YES;
				CLANG_WARN_DEPRECATED_OBJC_IMPLEMENTATIONS = YES;
				CLANG_WARN_DIRECT_OBJC_ISA_USAGE = YES_ERROR;
				CLANG_WARN_DOCUMENTATION_COMMENTS = YES;
				CLANG_WARN_EMPTY_BODY = YES;
				CLANG_WARN_ENUM_CONVERSION = YES;
				CLANG_WARN_INFINITE_RECURSION = YES;
				CLANG_WARN_INT_CONVERSION = YES;
				CLANG_WARN_NON_LITERAL_NULL_CONVERSION = YES;
				CLANG_WARN_OBJC_IMPLICIT_RETAIN_SELF = YES;
				CLANG_WARN_OBJC_LITERAL_CONVERSION = YES;
				CLANG_WARN_OBJC_ROOT_CLASS = YES_ERROR;
				CLANG_WARN_QUOTED_INCLUDE_IN_FRAMEWORK_HEADER = YES;
				CLANG_WARN_RANGE_LOOP_ANALYSIS = YES;
				CLANG_WARN_STRICT_PROTOTYPES = YES;
				CLANG_WARN_SUSPICIOUS_MOVE = YES;
				CLANG_WARN_UNGUARDED_AVAILABILITY = YES_AGGRESSIVE;
				CLANG_WARN_UNREACHABLE_CODE = YES;
				CLANG_WARN__DUPLICATE_METHOD_MATCH = YES;
				COPY_PHASE_STRIP = NO;
				DEBUG_INFORMATION_FORMAT = "dwarf-with-dsym";
				ENABLE_NS_ASSERTIONS = NO;
				ENABLE_STRICT_OBJC_MSGSEND = YES;
				GCC_C_LANGUAGE_STANDARD = gnu11;
				GCC_NO_COMMON_BLOCKS = YES;
				GCC_WARN_64_TO_32_BIT_CONVERSION = YES;
				GCC_WARN_ABOUT_RETURN_TYPE = YES_ERROR;
				GCC_WARN_UNDECLARED_SELECTOR = YES;
				GCC_WARN_UNINITIALIZED_AUTOS = YES_AGGRESSIVE;
				GCC_WARN_UNUSED_FUNCTION = YES;
				GCC_WARN_UNUSED_VARIABLE = YES;
				IPHONEOS_DEPLOYMENT_TARGET = 15.4;
				MTL_ENABLE_DEBUG_INFO = NO;
				MTL_FAST_MATH = YES;
				SDKROOT = iphoneos;
				SWIFT_COMPILATION_MODE = wholemodule;
				SWIFT_OPTIMIZATION_LEVEL = "-O";
				VALIDATE_PRODUCT = YES;
			};
			name = Release;
		};
		E7F4975028033AE3003FECFD /* Debug */ = {
			isa = XCBuildConfiguration;
			buildSettings = {
				ASSETCATALOG_COMPILER_APPICON_NAME = AppIcon;
				ASSETCATALOG_COMPILER_GLOBAL_ACCENT_COLOR_NAME = AccentColor;
				CODE_SIGN_STYLE = Automatic;
				CURRENT_PROJECT_VERSION = 1;
				DEVELOPMENT_TEAM = 7GP8TDQAX2;
				GENERATE_INFOPLIST_FILE = YES;
				INFOPLIST_FILE = "Table View/Supporting Files/Info.plist";
				INFOPLIST_KEY_UIApplicationSupportsIndirectInputEvents = YES;
				INFOPLIST_KEY_UILaunchStoryboardName = LaunchScreen;
				INFOPLIST_KEY_UIMainStoryboardFile = Main;
				INFOPLIST_KEY_UISupportedInterfaceOrientations_iPad = "UIInterfaceOrientationPortrait UIInterfaceOrientationPortraitUpsideDown UIInterfaceOrientationLandscapeLeft UIInterfaceOrientationLandscapeRight";
				INFOPLIST_KEY_UISupportedInterfaceOrientations_iPhone = "UIInterfaceOrientationPortrait UIInterfaceOrientationLandscapeLeft UIInterfaceOrientationLandscapeRight";
				LD_RUNPATH_SEARCH_PATHS = (
					"$(inherited)",
					"@executable_path/Frameworks",
				);
				MARKETING_VERSION = 1.0;
				PRODUCT_BUNDLE_IDENTIFIER = "ru.lenvoku.Table-View";
				PRODUCT_NAME = "$(TARGET_NAME)";
				SWIFT_EMIT_LOC_STRINGS = YES;
				SWIFT_VERSION = 5.0;
				TARGETED_DEVICE_FAMILY = "1,2";
			};
			name = Debug;
		};
		E7F4975128033AE3003FECFD /* Release */ = {
			isa = XCBuildConfiguration;
			buildSettings = {
				ASSETCATALOG_COMPILER_APPICON_NAME = AppIcon;
				ASSETCATALOG_COMPILER_GLOBAL_ACCENT_COLOR_NAME = AccentColor;
				CODE_SIGN_STYLE = Automatic;
				CURRENT_PROJECT_VERSION = 1;
				DEVELOPMENT_TEAM = 7GP8TDQAX2;
				GENERATE_INFOPLIST_FILE = YES;
				INFOPLIST_FILE = "Table View/Supporting Files/Info.plist";
				INFOPLIST_KEY_UIApplicationSupportsIndirectInputEvents = YES;
				INFOPLIST_KEY_UILaunchStoryboardName = LaunchScreen;
				INFOPLIST_KEY_UIMainStoryboardFile = Main;
				INFOPLIST_KEY_UISupportedInterfaceOrientations_iPad = "UIInterfaceOrientationPortrait UIInterfaceOrientationPortraitUpsideDown UIInterfaceOrientationLandscapeLeft UIInterfaceOrientationLandscapeRight";
				INFOPLIST_KEY_UISupportedInterfaceOrientations_iPhone = "UIInterfaceOrientationPortrait UIInterfaceOrientationLandscapeLeft UIInterfaceOrientationLandscapeRight";
				LD_RUNPATH_SEARCH_PATHS = (
					"$(inherited)",
					"@executable_path/Frameworks",
				);
				MARKETING_VERSION = 1.0;
				PRODUCT_BUNDLE_IDENTIFIER = "ru.lenvoku.Table-View";
				PRODUCT_NAME = "$(TARGET_NAME)";
				SWIFT_EMIT_LOC_STRINGS = YES;
				SWIFT_VERSION = 5.0;
				TARGETED_DEVICE_FAMILY = "1,2";
			};
			name = Release;
		};
/* End XCBuildConfiguration section */

/* Begin XCConfigurationList section */
		E7F4973628033AE2003FECFD /* Build configuration list for PBXProject "Emoji Dictionary" */ = {
			isa = XCConfigurationList;
			buildConfigurations = (
				E7F4974D28033AE3003FECFD /* Debug */,
				E7F4974E28033AE3003FECFD /* Release */,
			);
			defaultConfigurationIsVisible = 0;
			defaultConfigurationName = Release;
		};
		E7F4974F28033AE3003FECFD /* Build configuration list for PBXNativeTarget "Emoji Dictionary" */ = {
			isa = XCConfigurationList;
			buildConfigurations = (
				E7F4975028033AE3003FECFD /* Debug */,
				E7F4975128033AE3003FECFD /* Release */,
			);
			defaultConfigurationIsVisible = 0;
			defaultConfigurationName = Release;
		};
/* End XCConfigurationList section */
	};
	rootObject = E7F4973328033AE2003FECFD /* Project object */;
}
